
Microsoft Visual Studio Solution File, Format Version 12.00
# Visual Studio 15
Project("{FAE04EC0-301F-11D3-BF4B-00C04F79EFBC}") = "Assembly-CSharp", "Assembly-CSharp.csproj", "{6C1F40DE-0F47-D210-F544-F0DCF419E6A7}"
EndProject
Project("{FAE04EC0-301F-11D3-BF4B-00C04F79EFBC}") = "Assembly-CSharp-Editor", "Assembly-CSharp-Editor.csproj", "{4A7B12AA-D7DA-E450-16CC-A70DEA2272E2}"
EndProject
Global
	GlobalSection(SolutionConfigurationPlatforms) = preSolution
		Debug|Any CPU = Debug|Any CPU
		Release|Any CPU = Release|Any CPU
	EndGlobalSection
	GlobalSection(ProjectConfigurationPlatforms) = postSolution
		{6C1F40DE-0F47-D210-F544-F0DCF419E6A7}.Debug|Any CPU.ActiveCfg = Debug|Any CPU
		{6C1F40DE-0F47-D210-F544-F0DCF419E6A7}.Debug|Any CPU.Build.0 = Debug|Any CPU
		{6C1F40DE-0F47-D210-F544-F0DCF419E6A7}.Release|Any CPU.ActiveCfg = Release|Any CPU
		{6C1F40DE-0F47-D210-F544-F0DCF419E6A7}.Release|Any CPU.Build.0 = Release|Any CPU
		{4A7B12AA-D7DA-E450-16CC-A70DEA2272E2}.Debug|Any CPU.ActiveCfg = Debug|Any CPU
		{4A7B12AA-D7DA-E450-16CC-A70DEA2272E2}.Debug|Any CPU.Build.0 = Debug|Any CPU
		{4A7B12AA-D7DA-E450-16CC-A70DEA2272E2}.Release|Any CPU.ActiveCfg = Release|Any CPU
		{4A7B12AA-D7DA-E450-16CC-A70DEA2272E2}.Release|Any CPU.Build.0 = Release|Any CPU
	EndGlobalSection
	GlobalSection(SolutionProperties) = preSolution
		HideSolutionNode = FALSE
	EndGlobalSection
EndGlobal
